
Microsoft Visual Studio Solution File, Format Version 12.00
# Visual Studio 15
VisualStudioVersion = 15.0.28307.705
MinimumVisualStudioVersion = 10.0.40219.1
Project("{FAE04EC0-301F-11D3-BF4B-00C04F79EFBC}") = "SerialControlBaseUI", "SerialControlNetwork\SerialControlBaseUI.csproj", "{905D6DD3-D3FC-47BA-AC7C-7FB97D65CA06}"
EndProject
Project("{FAE04EC0-301F-11D3-BF4B-00C04F79EFBC}") = "PacketSerialPort", "PacketSerialPort\PacketSerialPort.csproj", "{019482A2-C9F7-46A2-9705-D88C902E01BF}"
EndProject
Project("{8BC9CEB8-8B4A-11D0-8D11-00A0C91BC942}") = "RemoteSerialServer", "RemoteSerialServer\RemoteSerialServer.vcxproj", "{C5F80730-F44F-4478-BDAE-6634EFC2CA88}"
EndProject
Project("{8BC9CEB8-8B4A-11D0-8D11-00A0C91BC942}") = "MFCD4Duino", "MFCD4Duino\MFCD4Duino.vcxproj", "{4D9F1F6D-0B87-4A10-867E-851884D2974B}"
EndProject
Project("{8BC9CEB8-8B4A-11D0-8D11-00A0C91BC942}") = "SFuOLEDDemo", "SFuOLEDDemo\SFuOLEDDemo.vcxproj", "{0D58269E-0BE5-443E-898C-48A02EB4D342}"
EndProject
Project("{8BC9CEB8-8B4A-11D0-8D11-00A0C91BC942}") = "TestXIAO", "TestXIAO\TestXIAO.vcxproj", "{8286B9B4-47CB-4D84-9757-52DC22F2EDE9}"
EndProject
Project("{FAE04EC0-301F-11D3-BF4B-00C04F79EFBC}") = "RecoverProMicro", "RecoverProMicro\RecoverProMicro.csproj", "{57484A90-62F7-4DD6-8C51-A876B7183B0B}"
EndProject
Project("{8BC9CEB8-8B4A-11D0-8D11-00A0C91BC942}") = "Rover5ArdProArdumoto", "Rover5ArdProArdumoto\Rover5ArdProArdumoto.vcxproj", "{037CA9D5-616B-40EA-AC2A-8DE6FF85A3E1}"
EndProject
Project("{FAE04EC0-301F-11D3-BF4B-00C04F79EFBC}") = "StructByteConverter", "ByteConverter\StructByteConverter.csproj", "{33C69935-2969-4ABE-8D25-784AB009CED3}"
EndProject
Project("{8BC9CEB8-8B4A-11D0-8D11-00A0C91BC942}") = "JSBoardProMini", "JSBoardProMini\JSBoardProMini.vcxproj", "{70334204-4B31-4B07-8376-3A761789DE1D}"
EndProject
Project("{8BC9CEB8-8B4A-11D0-8D11-00A0C91BC942}") = "MemoryLib-1.0.1", "..\..\..\Arduino\Sketchbook\libraries\MemoryLib\MemoryLib-1.0.1.vcxitems", "{6E1417BD-9916-42AA-9204-8C191C6DEF02}"
EndProject
Project("{8BC9CEB8-8B4A-11D0-8D11-00A0C91BC942}") = "MemoryFree-master-0.0.0", "..\..\..\Arduino\Sketchbook\libraries\MemoryFree-master\MemoryFree-master-0.0.0.vcxitems", "{4F36B5B4-91A4-4815-B168-362DDC91F996}"
EndProject
Global
	GlobalSection(SharedMSBuildProjectFiles) = preSolution
		..\..\..\Arduino\Sketchbook\libraries\MemoryFree-master\MemoryFree-master-0.0.0.vcxitems*{4f36b5b4-91a4-4815-b168-362ddc91f996}*SharedItemsImports = 9
		..\..\..\Arduino\Sketchbook\libraries\MemoryLib\MemoryLib-1.0.1.vcxitems*{6e1417bd-9916-42aa-9204-8c191c6def02}*SharedItemsImports = 9
		..\..\..\Arduino\Sketchbook\libraries\MemoryFree-master\MemoryFree-master-0.0.0.vcxitems*{70334204-4b31-4b07-8376-3a761789de1d}*SharedItemsImports = 4
	EndGlobalSection
	GlobalSection(SolutionConfigurationPlatforms) = preSolution
		Debug|Any CPU = Debug|Any CPU
		Debug|x86 = Debug|x86
		Release|Any CPU = Release|Any CPU
		Release|x86 = Release|x86
	EndGlobalSection
	GlobalSection(ProjectConfigurationPlatforms) = postSolution
		{905D6DD3-D3FC-47BA-AC7C-7FB97D65CA06}.Debug|Any CPU.ActiveCfg = Debug|Any CPU
		{905D6DD3-D3FC-47BA-AC7C-7FB97D65CA06}.Debug|Any CPU.Build.0 = Debug|Any CPU
		{905D6DD3-D3FC-47BA-AC7C-7FB97D65CA06}.Debug|x86.ActiveCfg = Debug|Any CPU
		{905D6DD3-D3FC-47BA-AC7C-7FB97D65CA06}.Debug|x86.Build.0 = Debug|Any CPU
		{905D6DD3-D3FC-47BA-AC7C-7FB97D65CA06}.Release|Any CPU.ActiveCfg = Release|Any CPU
		{905D6DD3-D3FC-47BA-AC7C-7FB97D65CA06}.Release|Any CPU.Build.0 = Release|Any CPU
		{905D6DD3-D3FC-47BA-AC7C-7FB97D65CA06}.Release|x86.ActiveCfg = Release|Any CPU
		{905D6DD3-D3FC-47BA-AC7C-7FB97D65CA06}.Release|x86.Build.0 = Release|Any CPU
		{019482A2-C9F7-46A2-9705-D88C902E01BF}.Debug|Any CPU.ActiveCfg = Debug|Any CPU
		{019482A2-C9F7-46A2-9705-D88C902E01BF}.Debug|Any CPU.Build.0 = Debug|Any CPU
		{019482A2-C9F7-46A2-9705-D88C902E01BF}.Debug|x86.ActiveCfg = Debug|Any CPU
		{019482A2-C9F7-46A2-9705-D88C902E01BF}.Debug|x86.Build.0 = Debug|Any CPU
		{019482A2-C9F7-46A2-9705-D88C902E01BF}.Release|Any CPU.ActiveCfg = Release|Any CPU
		{019482A2-C9F7-46A2-9705-D88C902E01BF}.Release|Any CPU.Build.0 = Release|Any CPU
		{019482A2-C9F7-46A2-9705-D88C902E01BF}.Release|x86.ActiveCfg = Release|Any CPU
		{019482A2-C9F7-46A2-9705-D88C902E01BF}.Release|x86.Build.0 = Release|Any CPU
		{C5F80730-F44F-4478-BDAE-6634EFC2CA88}.Debug|Any CPU.ActiveCfg = Debug|Win32
		{C5F80730-F44F-4478-BDAE-6634EFC2CA88}.Debug|x86.ActiveCfg = Debug|Win32
		{C5F80730-F44F-4478-BDAE-6634EFC2CA88}.Debug|x86.Build.0 = Debug|Win32
		{C5F80730-F44F-4478-BDAE-6634EFC2CA88}.Release|Any CPU.ActiveCfg = Release|Win32
		{C5F80730-F44F-4478-BDAE-6634EFC2CA88}.Release|x86.ActiveCfg = Release|Win32
		{C5F80730-F44F-4478-BDAE-6634EFC2CA88}.Release|x86.Build.0 = Release|Win32
		{4D9F1F6D-0B87-4A10-867E-851884D2974B}.Debug|Any CPU.ActiveCfg = Debug|Win32
		{4D9F1F6D-0B87-4A10-867E-851884D2974B}.Debug|x86.ActiveCfg = Debug|Win32
		{4D9F1F6D-0B87-4A10-867E-851884D2974B}.Debug|x86.Build.0 = Debug|Win32
		{4D9F1F6D-0B87-4A10-867E-851884D2974B}.Release|Any CPU.ActiveCfg = Release|Win32
		{4D9F1F6D-0B87-4A10-867E-851884D2974B}.Release|x86.ActiveCfg = Release|Win32
		{4D9F1F6D-0B87-4A10-867E-851884D2974B}.Release|x86.Build.0 = Release|Win32
		{0D58269E-0BE5-443E-898C-48A02EB4D342}.Debug|Any CPU.ActiveCfg = Debug|Win32
		{0D58269E-0BE5-443E-898C-48A02EB4D342}.Debug|x86.ActiveCfg = Debug|Win32
		{0D58269E-0BE5-443E-898C-48A02EB4D342}.Debug|x86.Build.0 = Debug|Win32
		{0D58269E-0BE5-443E-898C-48A02EB4D342}.Release|Any CPU.ActiveCfg = Release|Win32
		{0D58269E-0BE5-443E-898C-48A02EB4D342}.Release|x86.ActiveCfg = Release|Win32
		{0D58269E-0BE5-443E-898C-48A02EB4D342}.Release|x86.Build.0 = Release|Win32
		{8286B9B4-47CB-4D84-9757-52DC22F2EDE9}.Debug|Any CPU.ActiveCfg = Debug|Win32
		{8286B9B4-47CB-4D84-9757-52DC22F2EDE9}.Debug|x86.ActiveCfg = Debug|Win32
		{8286B9B4-47CB-4D84-9757-52DC22F2EDE9}.Debug|x86.Build.0 = Debug|Win32
		{8286B9B4-47CB-4D84-9757-52DC22F2EDE9}.Release|Any CPU.ActiveCfg = Release|Win32
		{8286B9B4-47CB-4D84-9757-52DC22F2EDE9}.Release|x86.ActiveCfg = Release|Win32
		{8286B9B4-47CB-4D84-9757-52DC22F2EDE9}.Release|x86.Build.0 = Release|Win32
		{57484A90-62F7-4DD6-8C51-A876B7183B0B}.Debug|Any CPU.ActiveCfg = Debug|Any CPU
		{57484A90-62F7-4DD6-8C51-A876B7183B0B}.Debug|Any CPU.Build.0 = Debug|Any CPU
		{57484A90-62F7-4DD6-8C51-A876B7183B0B}.Debug|x86.ActiveCfg = Debug|Any CPU
		{57484A90-62F7-4DD6-8C51-A876B7183B0B}.Debug|x86.Build.0 = Debug|Any CPU
		{57484A90-62F7-4DD6-8C51-A876B7183B0B}.Release|Any CPU.ActiveCfg = Release|Any CPU
		{57484A90-62F7-4DD6-8C51-A876B7183B0B}.Release|Any CPU.Build.0 = Release|Any CPU
		{57484A90-62F7-4DD6-8C51-A876B7183B0B}.Release|x86.ActiveCfg = Release|Any CPU
		{57484A90-62F7-4DD6-8C51-A876B7183B0B}.Release|x86.Build.0 = Release|Any CPU
		{037CA9D5-616B-40EA-AC2A-8DE6FF85A3E1}.Debug|Any CPU.ActiveCfg = Debug|Win32
		{037CA9D5-616B-40EA-AC2A-8DE6FF85A3E1}.Debug|x86.ActiveCfg = Debug|Win32
		{037CA9D5-616B-40EA-AC2A-8DE6FF85A3E1}.Debug|x86.Build.0 = Debug|Win32
		{037CA9D5-616B-40EA-AC2A-8DE6FF85A3E1}.Release|Any CPU.ActiveCfg = Release|Win32
		{037CA9D5-616B-40EA-AC2A-8DE6FF85A3E1}.Release|x86.ActiveCfg = Release|Win32
		{037CA9D5-616B-40EA-AC2A-8DE6FF85A3E1}.Release|x86.Build.0 = Release|Win32
		{33C69935-2969-4ABE-8D25-784AB009CED3}.Debug|Any CPU.ActiveCfg = Debug|Any CPU
		{33C69935-2969-4ABE-8D25-784AB009CED3}.Debug|Any CPU.Build.0 = Debug|Any CPU
		{33C69935-2969-4ABE-8D25-784AB009CED3}.Debug|x86.ActiveCfg = Debug|Any CPU
		{33C69935-2969-4ABE-8D25-784AB009CED3}.Debug|x86.Build.0 = Debug|Any CPU
		{33C69935-2969-4ABE-8D25-784AB009CED3}.Release|Any CPU.ActiveCfg = Release|Any CPU
		{33C69935-2969-4ABE-8D25-784AB009CED3}.Release|Any CPU.Build.0 = Release|Any CPU
		{33C69935-2969-4ABE-8D25-784AB009CED3}.Release|x86.ActiveCfg = Release|Any CPU
		{33C69935-2969-4ABE-8D25-784AB009CED3}.Release|x86.Build.0 = Release|Any CPU
		{70334204-4B31-4B07-8376-3A761789DE1D}.Debug|Any CPU.ActiveCfg = Debug|Win32
		{70334204-4B31-4B07-8376-3A761789DE1D}.Debug|x86.ActiveCfg = Debug|Win32
		{70334204-4B31-4B07-8376-3A761789DE1D}.Debug|x86.Build.0 = Debug|Win32
		{70334204-4B31-4B07-8376-3A761789DE1D}.Release|Any CPU.ActiveCfg = Release|Win32
		{70334204-4B31-4B07-8376-3A761789DE1D}.Release|x86.ActiveCfg = Release|Win32
		{70334204-4B31-4B07-8376-3A761789DE1D}.Release|x86.Build.0 = Release|Win32
	EndGlobalSection
	GlobalSection(SolutionProperties) = preSolution
		HideSolutionNode = FALSE
	EndGlobalSection
	GlobalSection(ExtensibilityGlobals) = postSolution
		SolutionGuid = {C27F4049-669F-4752-AE2A-820E4DA8048E}
	EndGlobalSection
EndGlobal
