
Microsoft Visual Studio Solution File, Format Version 12.00
# Visual Studio 15
VisualStudioVersion = 15.0.28307.705
MinimumVisualStudioVersion = 10.0.40219.1
Project("{FAE04EC0-301F-11D3-BF4B-00C04F79EFBC}") = "SerialControlBaseUI", "SerialControlNetwork\SerialControlBaseUI.csproj", "{905D6DD3-D3FC-47BA-AC7C-7FB97D65CA06}"
EndProject
Project("{FAE04EC0-301F-11D3-BF4B-00C04F79EFBC}") = "PacketSerialPort", "PacketSerialPort\PacketSerialPort.csproj", "{019482A2-C9F7-46A2-9705-D88C902E01BF}"
EndProject
Project("{8BC9CEB8-8B4A-11D0-8D11-00A0C91BC942}") = "RemoteSerialServer", "RemoteSerialServer\RemoteSerialServer.vcxproj", "{C5F80730-F44F-4478-BDAE-6634EFC2CA88}"
EndProject
Project("{8BC9CEB8-8B4A-11D0-8D11-00A0C91BC942}") = "MFCD4Duino", "MFCD4Duino\MFCD4Duino.vcxproj", "{4D9F1F6D-0B87-4A10-867E-851884D2974B}"
EndProject
Project("{8BC9CEB8-8B4A-11D0-8D11-00A0C91BC942}") = "SFuOLEDDemo", "SFuOLEDDemo\SFuOLEDDemo.vcxproj", "{0D58269E-0BE5-443E-898C-48A02EB4D342}"
EndProject
Project("{8BC9CEB8-8B4A-11D0-8D11-00A0C91BC942}") = "TestXIAO", "TestXIAO\TestXIAO.vcxproj", "{8286B9B4-47CB-4D84-9757-52DC22F2EDE9}"
EndProject
Project("{FAE04EC0-301F-11D3-BF4B-00C04F79EFBC}") = "RecoverProMicro", "RecoverProMicro\RecoverProMicro.csproj", "{57484A90-62F7-4DD6-8C51-A876B7183B0B}"
EndProject
Project("{8BC9CEB8-8B4A-11D0-8D11-00A0C91BC942}") = "Rover5ArdProArdumoto", "Rover5ArdProArdumoto\Rover5ArdProArdumoto.vcxproj", "{037CA9D5-616B-40EA-AC2A-8DE6FF85A3E1}"
EndProject
Project("{FAE04EC0-301F-11D3-BF4B-00C04F79EFBC}") = "StructByteConverter", "ByteConverter\StructByteConverter.csproj", "{33C69935-2969-4ABE-8D25-784AB009CED3}"
EndProject
Project("{8BC9CEB8-8B4A-11D0-8D11-00A0C91BC942}") = "Wire-1.0", "C:\Users\mitch\AppData\Local\arduino15\packages\arduino\hardware\avr\1.8.3\libraries\Wire\Wire-1.0.vcxitems", "{CB588565-70A2-4D62-8F37-74E4880379FA}"
EndProject
Project("{8BC9CEB8-8B4A-11D0-8D11-00A0C91BC942}") = "Adafruit_Trellis_Library-1.0.1", "..\..\..\Arduino\Sketchbook\libraries\Adafruit_Trellis_Library\Adafruit_Trellis_Library-1.0.1.vcxitems", "{5F12D627-FCB4-4A16-80B0-9FBC08785522}"
EndProject
Project("{8BC9CEB8-8B4A-11D0-8D11-00A0C91BC942}") = "JSBoardProMini", "JSBoardProMini\JSBoardProMini.vcxproj", "{70334204-4B31-4B07-8376-3A761789DE1D}"
EndProject
Project("{8BC9CEB8-8B4A-11D0-8D11-00A0C91BC942}") = "Task_Scheduler-1.4", "..\..\..\Arduino\Sketchbook\libraries\Task_Scheduler\Task_Scheduler-1.4.vcxitems", "{EA152D76-354B-4C6D-A00C-037DF37DC143}"
EndProject
Project("{8BC9CEB8-8B4A-11D0-8D11-00A0C91BC942}") = "Adafruit_SSD1306-2.4.3", "..\..\..\Arduino\Sketchbook\libraries\Adafruit_SSD1306\Adafruit_SSD1306-2.4.3.vcxitems", "{66D8395B-31B6-4E33-870D-7B74C30B0010}"
EndProject
Project("{8BC9CEB8-8B4A-11D0-8D11-00A0C91BC942}") = "Adafruit_GFX_Library-1.10.7", "..\..\..\Arduino\Sketchbook\libraries\Adafruit_GFX_Library\Adafruit_GFX_Library-1.10.7.vcxitems", "{E0A13AD2-87A6-45E1-A047-D9B47A6281B2}"
EndProject
Project("{8BC9CEB8-8B4A-11D0-8D11-00A0C91BC942}") = "AF1306Demo", "AF1306Demo\AF1306Demo.vcxproj", "{94D3A848-8021-4895-B5E9-5D527AC852A7}"
EndProject
Project("{8BC9CEB8-8B4A-11D0-8D11-00A0C91BC942}") = "SPI-1.0", "C:\Users\mitch\AppData\Local\arduino15\packages\arduino\hardware\avr\1.8.3\libraries\SPI\SPI-1.0.vcxitems", "{8C4B9B10-621B-47EB-BC38-0B8F1C4437DB}"
EndProject
Project("{8BC9CEB8-8B4A-11D0-8D11-00A0C91BC942}") = "Adafruit_BusIO-1.7.2", "..\..\..\Arduino\Sketchbook\libraries\Adafruit_BusIO\Adafruit_BusIO-1.7.2.vcxitems", "{455B5BCA-93B3-4E23-87C5-78A5A445B830}"
EndProject
Project("{8BC9CEB8-8B4A-11D0-8D11-00A0C91BC942}") = "I2CScanner-1.0.0", "..\..\..\Arduino\Sketchbook\libraries\I2CScanner\I2CScanner-1.0.0.vcxitems", "{D9E8A28F-9B11-44FD-B2FF-A7476843B065}"
EndProject
Project("{8BC9CEB8-8B4A-11D0-8D11-00A0C91BC942}") = "LLI2CScanner", "LLI2CScanner\LLI2CScanner.vcxproj", "{A6745757-9FC1-4AB6-8B98-F8BA600ADE13}"
EndProject
Global
	GlobalSection(SharedMSBuildProjectFiles) = preSolution
		..\..\..\Arduino\Sketchbook\libraries\Adafruit_BusIO\Adafruit_BusIO-1.7.2.vcxitems*{455b5bca-93b3-4e23-87c5-78a5a445b830}*SharedItemsImports = 9
		..\..\..\Arduino\Sketchbook\libraries\Adafruit_Trellis_Library\Adafruit_Trellis_Library-1.0.1.vcxitems*{5f12d627-fcb4-4a16-80b0-9fbc08785522}*SharedItemsImports = 9
		..\..\..\Arduino\Sketchbook\libraries\Adafruit_SSD1306\Adafruit_SSD1306-2.4.3.vcxitems*{66d8395b-31b6-4e33-870d-7b74c30b0010}*SharedItemsImports = 9
		C:\Users\mitch\AppData\Local\arduino15\packages\arduino\hardware\avr\1.8.3\libraries\Wire\Wire-1.0.vcxitems*{70334204-4b31-4b07-8376-3a761789de1d}*SharedItemsImports = 4
		..\..\..\Arduino\Sketchbook\libraries\Adafruit_GFX_Library\Adafruit_GFX_Library-1.10.7.vcxitems*{70334204-4b31-4b07-8376-3a761789de1d}*SharedItemsImports = 4
		..\..\..\Arduino\Sketchbook\libraries\Adafruit_SSD1306\Adafruit_SSD1306-2.4.3.vcxitems*{70334204-4b31-4b07-8376-3a761789de1d}*SharedItemsImports = 4
		..\..\..\Arduino\Sketchbook\libraries\Adafruit_Trellis_Library\Adafruit_Trellis_Library-1.0.1.vcxitems*{70334204-4b31-4b07-8376-3a761789de1d}*SharedItemsImports = 4
		..\..\..\Arduino\Sketchbook\libraries\Task_Scheduler\Task_Scheduler-1.4.vcxitems*{70334204-4b31-4b07-8376-3a761789de1d}*SharedItemsImports = 4
		C:\Users\mitch\AppData\Local\arduino15\packages\arduino\hardware\avr\1.8.3\libraries\SPI\SPI-1.0.vcxitems*{8c4b9b10-621b-47eb-bc38-0b8f1c4437db}*SharedItemsImports = 9
		C:\Users\mitch\AppData\Local\arduino15\packages\arduino\hardware\avr\1.8.3\libraries\SPI\SPI-1.0.vcxitems*{94d3a848-8021-4895-b5e9-5d527ac852a7}*SharedItemsImports = 4
		C:\Users\mitch\AppData\Local\arduino15\packages\arduino\hardware\avr\1.8.3\libraries\Wire\Wire-1.0.vcxitems*{94d3a848-8021-4895-b5e9-5d527ac852a7}*SharedItemsImports = 4
		..\..\..\Arduino\Sketchbook\libraries\Adafruit_BusIO\Adafruit_BusIO-1.7.2.vcxitems*{94d3a848-8021-4895-b5e9-5d527ac852a7}*SharedItemsImports = 4
		..\..\..\Arduino\Sketchbook\libraries\Adafruit_GFX_Library\Adafruit_GFX_Library-1.10.7.vcxitems*{94d3a848-8021-4895-b5e9-5d527ac852a7}*SharedItemsImports = 4
		..\..\..\Arduino\Sketchbook\libraries\Adafruit_SSD1306\Adafruit_SSD1306-2.4.3.vcxitems*{94d3a848-8021-4895-b5e9-5d527ac852a7}*SharedItemsImports = 4
		..\..\..\Arduino\Sketchbook\libraries\I2CScanner\I2CScanner-1.0.0.vcxitems*{94d3a848-8021-4895-b5e9-5d527ac852a7}*SharedItemsImports = 4
		C:\Users\mitch\AppData\Local\arduino15\packages\arduino\hardware\avr\1.8.3\libraries\Wire\Wire-1.0.vcxitems*{a6745757-9fc1-4ab6-8b98-f8ba600ade13}*SharedItemsImports = 4
		..\..\..\Arduino\Sketchbook\libraries\I2CScanner\I2CScanner-1.0.0.vcxitems*{a6745757-9fc1-4ab6-8b98-f8ba600ade13}*SharedItemsImports = 4
		C:\Users\mitch\AppData\Local\arduino15\packages\arduino\hardware\avr\1.8.3\libraries\Wire\Wire-1.0.vcxitems*{cb588565-70a2-4d62-8f37-74e4880379fa}*SharedItemsImports = 9
		..\..\..\Arduino\Sketchbook\libraries\I2CScanner\I2CScanner-1.0.0.vcxitems*{d9e8a28f-9b11-44fd-b2ff-a7476843b065}*SharedItemsImports = 9
		..\..\..\Arduino\Sketchbook\libraries\Adafruit_GFX_Library\Adafruit_GFX_Library-1.10.7.vcxitems*{e0a13ad2-87a6-45e1-a047-d9b47a6281b2}*SharedItemsImports = 9
		..\..\..\Arduino\Sketchbook\libraries\Task_Scheduler\Task_Scheduler-1.4.vcxitems*{ea152d76-354b-4c6d-a00c-037df37dc143}*SharedItemsImports = 9
	EndGlobalSection
	GlobalSection(SolutionConfigurationPlatforms) = preSolution
		Debug|Any CPU = Debug|Any CPU
		Debug|x86 = Debug|x86
		Release|Any CPU = Release|Any CPU
		Release|x86 = Release|x86
	EndGlobalSection
	GlobalSection(ProjectConfigurationPlatforms) = postSolution
		{905D6DD3-D3FC-47BA-AC7C-7FB97D65CA06}.Debug|Any CPU.ActiveCfg = Debug|Any CPU
		{905D6DD3-D3FC-47BA-AC7C-7FB97D65CA06}.Debug|Any CPU.Build.0 = Debug|Any CPU
		{905D6DD3-D3FC-47BA-AC7C-7FB97D65CA06}.Debug|x86.ActiveCfg = Debug|Any CPU
		{905D6DD3-D3FC-47BA-AC7C-7FB97D65CA06}.Debug|x86.Build.0 = Debug|Any CPU
		{905D6DD3-D3FC-47BA-AC7C-7FB97D65CA06}.Release|Any CPU.ActiveCfg = Release|Any CPU
		{905D6DD3-D3FC-47BA-AC7C-7FB97D65CA06}.Release|Any CPU.Build.0 = Release|Any CPU
		{905D6DD3-D3FC-47BA-AC7C-7FB97D65CA06}.Release|x86.ActiveCfg = Release|Any CPU
		{905D6DD3-D3FC-47BA-AC7C-7FB97D65CA06}.Release|x86.Build.0 = Release|Any CPU
		{019482A2-C9F7-46A2-9705-D88C902E01BF}.Debug|Any CPU.ActiveCfg = Debug|Any CPU
		{019482A2-C9F7-46A2-9705-D88C902E01BF}.Debug|Any CPU.Build.0 = Debug|Any CPU
		{019482A2-C9F7-46A2-9705-D88C902E01BF}.Debug|x86.ActiveCfg = Debug|Any CPU
		{019482A2-C9F7-46A2-9705-D88C902E01BF}.Debug|x86.Build.0 = Debug|Any CPU
		{019482A2-C9F7-46A2-9705-D88C902E01BF}.Release|Any CPU.ActiveCfg = Release|Any CPU
		{019482A2-C9F7-46A2-9705-D88C902E01BF}.Release|Any CPU.Build.0 = Release|Any CPU
		{019482A2-C9F7-46A2-9705-D88C902E01BF}.Release|x86.ActiveCfg = Release|Any CPU
		{019482A2-C9F7-46A2-9705-D88C902E01BF}.Release|x86.Build.0 = Release|Any CPU
		{C5F80730-F44F-4478-BDAE-6634EFC2CA88}.Debug|Any CPU.ActiveCfg = Debug|Win32
		{C5F80730-F44F-4478-BDAE-6634EFC2CA88}.Debug|x86.ActiveCfg = Debug|Win32
		{C5F80730-F44F-4478-BDAE-6634EFC2CA88}.Debug|x86.Build.0 = Debug|Win32
		{C5F80730-F44F-4478-BDAE-6634EFC2CA88}.Release|Any CPU.ActiveCfg = Release|Win32
		{C5F80730-F44F-4478-BDAE-6634EFC2CA88}.Release|x86.ActiveCfg = Release|Win32
		{C5F80730-F44F-4478-BDAE-6634EFC2CA88}.Release|x86.Build.0 = Release|Win32
		{4D9F1F6D-0B87-4A10-867E-851884D2974B}.Debug|Any CPU.ActiveCfg = Debug|Win32
		{4D9F1F6D-0B87-4A10-867E-851884D2974B}.Debug|x86.ActiveCfg = Debug|Win32
		{4D9F1F6D-0B87-4A10-867E-851884D2974B}.Debug|x86.Build.0 = Debug|Win32
		{4D9F1F6D-0B87-4A10-867E-851884D2974B}.Release|Any CPU.ActiveCfg = Release|Win32
		{4D9F1F6D-0B87-4A10-867E-851884D2974B}.Release|x86.ActiveCfg = Release|Win32
		{4D9F1F6D-0B87-4A10-867E-851884D2974B}.Release|x86.Build.0 = Release|Win32
		{0D58269E-0BE5-443E-898C-48A02EB4D342}.Debug|Any CPU.ActiveCfg = Debug|Win32
		{0D58269E-0BE5-443E-898C-48A02EB4D342}.Debug|x86.ActiveCfg = Debug|Win32
		{0D58269E-0BE5-443E-898C-48A02EB4D342}.Debug|x86.Build.0 = Debug|Win32
		{0D58269E-0BE5-443E-898C-48A02EB4D342}.Release|Any CPU.ActiveCfg = Release|Win32
		{0D58269E-0BE5-443E-898C-48A02EB4D342}.Release|x86.ActiveCfg = Release|Win32
		{0D58269E-0BE5-443E-898C-48A02EB4D342}.Release|x86.Build.0 = Release|Win32
		{8286B9B4-47CB-4D84-9757-52DC22F2EDE9}.Debug|Any CPU.ActiveCfg = Debug|Win32
		{8286B9B4-47CB-4D84-9757-52DC22F2EDE9}.Debug|x86.ActiveCfg = Debug|Win32
		{8286B9B4-47CB-4D84-9757-52DC22F2EDE9}.Debug|x86.Build.0 = Debug|Win32
		{8286B9B4-47CB-4D84-9757-52DC22F2EDE9}.Release|Any CPU.ActiveCfg = Release|Win32
		{8286B9B4-47CB-4D84-9757-52DC22F2EDE9}.Release|x86.ActiveCfg = Release|Win32
		{8286B9B4-47CB-4D84-9757-52DC22F2EDE9}.Release|x86.Build.0 = Release|Win32
		{57484A90-62F7-4DD6-8C51-A876B7183B0B}.Debug|Any CPU.ActiveCfg = Debug|Any CPU
		{57484A90-62F7-4DD6-8C51-A876B7183B0B}.Debug|Any CPU.Build.0 = Debug|Any CPU
		{57484A90-62F7-4DD6-8C51-A876B7183B0B}.Debug|x86.ActiveCfg = Debug|Any CPU
		{57484A90-62F7-4DD6-8C51-A876B7183B0B}.Debug|x86.Build.0 = Debug|Any CPU
		{57484A90-62F7-4DD6-8C51-A876B7183B0B}.Release|Any CPU.ActiveCfg = Release|Any CPU
		{57484A90-62F7-4DD6-8C51-A876B7183B0B}.Release|Any CPU.Build.0 = Release|Any CPU
		{57484A90-62F7-4DD6-8C51-A876B7183B0B}.Release|x86.ActiveCfg = Release|Any CPU
		{57484A90-62F7-4DD6-8C51-A876B7183B0B}.Release|x86.Build.0 = Release|Any CPU
		{037CA9D5-616B-40EA-AC2A-8DE6FF85A3E1}.Debug|Any CPU.ActiveCfg = Debug|Win32
		{037CA9D5-616B-40EA-AC2A-8DE6FF85A3E1}.Debug|x86.ActiveCfg = Debug|Win32
		{037CA9D5-616B-40EA-AC2A-8DE6FF85A3E1}.Debug|x86.Build.0 = Debug|Win32
		{037CA9D5-616B-40EA-AC2A-8DE6FF85A3E1}.Release|Any CPU.ActiveCfg = Release|Win32
		{037CA9D5-616B-40EA-AC2A-8DE6FF85A3E1}.Release|x86.ActiveCfg = Release|Win32
		{037CA9D5-616B-40EA-AC2A-8DE6FF85A3E1}.Release|x86.Build.0 = Release|Win32
		{33C69935-2969-4ABE-8D25-784AB009CED3}.Debug|Any CPU.ActiveCfg = Debug|Any CPU
		{33C69935-2969-4ABE-8D25-784AB009CED3}.Debug|Any CPU.Build.0 = Debug|Any CPU
		{33C69935-2969-4ABE-8D25-784AB009CED3}.Debug|x86.ActiveCfg = Debug|Any CPU
		{33C69935-2969-4ABE-8D25-784AB009CED3}.Debug|x86.Build.0 = Debug|Any CPU
		{33C69935-2969-4ABE-8D25-784AB009CED3}.Release|Any CPU.ActiveCfg = Release|Any CPU
		{33C69935-2969-4ABE-8D25-784AB009CED3}.Release|Any CPU.Build.0 = Release|Any CPU
		{33C69935-2969-4ABE-8D25-784AB009CED3}.Release|x86.ActiveCfg = Release|Any CPU
		{33C69935-2969-4ABE-8D25-784AB009CED3}.Release|x86.Build.0 = Release|Any CPU
		{70334204-4B31-4B07-8376-3A761789DE1D}.Debug|Any CPU.ActiveCfg = Debug|Win32
		{70334204-4B31-4B07-8376-3A761789DE1D}.Debug|x86.ActiveCfg = Debug|Win32
		{70334204-4B31-4B07-8376-3A761789DE1D}.Debug|x86.Build.0 = Debug|Win32
		{70334204-4B31-4B07-8376-3A761789DE1D}.Release|Any CPU.ActiveCfg = Release|Win32
		{70334204-4B31-4B07-8376-3A761789DE1D}.Release|x86.ActiveCfg = Release|Win32
		{70334204-4B31-4B07-8376-3A761789DE1D}.Release|x86.Build.0 = Release|Win32
		{94D3A848-8021-4895-B5E9-5D527AC852A7}.Debug|Any CPU.ActiveCfg = Debug|Win32
		{94D3A848-8021-4895-B5E9-5D527AC852A7}.Debug|x86.ActiveCfg = Debug|Win32
		{94D3A848-8021-4895-B5E9-5D527AC852A7}.Debug|x86.Build.0 = Debug|Win32
		{94D3A848-8021-4895-B5E9-5D527AC852A7}.Release|Any CPU.ActiveCfg = Release|Win32
		{94D3A848-8021-4895-B5E9-5D527AC852A7}.Release|x86.ActiveCfg = Release|Win32
		{94D3A848-8021-4895-B5E9-5D527AC852A7}.Release|x86.Build.0 = Release|Win32
		{A6745757-9FC1-4AB6-8B98-F8BA600ADE13}.Debug|Any CPU.ActiveCfg = Debug|Win32
		{A6745757-9FC1-4AB6-8B98-F8BA600ADE13}.Debug|x86.ActiveCfg = Debug|Win32
		{A6745757-9FC1-4AB6-8B98-F8BA600ADE13}.Debug|x86.Build.0 = Debug|Win32
		{A6745757-9FC1-4AB6-8B98-F8BA600ADE13}.Release|Any CPU.ActiveCfg = Release|Win32
		{A6745757-9FC1-4AB6-8B98-F8BA600ADE13}.Release|x86.ActiveCfg = Release|Win32
		{A6745757-9FC1-4AB6-8B98-F8BA600ADE13}.Release|x86.Build.0 = Release|Win32
	EndGlobalSection
	GlobalSection(SolutionProperties) = preSolution
		HideSolutionNode = FALSE
	EndGlobalSection
	GlobalSection(ExtensibilityGlobals) = postSolution
		SolutionGuid = {C27F4049-669F-4752-AE2A-820E4DA8048E}
	EndGlobalSection
EndGlobal
